
Microsoft Visual Studio Solution File, Format Version 12.00
# Visual Studio 15
VisualStudioVersion = 15.0.28010.2026
MinimumVisualStudioVersion = 10.0.40219.1
Project("{FAE04EC0-301F-11D3-BF4B-00C04F79EFBC}") = "CG 11-2", "CG 11-2\CG 11-2.csproj", "{868BCCA9-938A-4E4C-95D2-10C098ED08C7}"
EndProject
Global
	GlobalSection(SolutionConfigurationPlatforms) = preSolution
		Debug|Any CPU = Debug|Any CPU
		Release|Any CPU = Release|Any CPU
	EndGlobalSection
	GlobalSection(ProjectConfigurationPlatforms) = postSolution
		{868BCCA9-938A-4E4C-95D2-10C098ED08C7}.Debug|Any CPU.ActiveCfg = Debug|Any CPU
		{868BCCA9-938A-4E4C-95D2-10C098ED08C7}.Debug|Any CPU.Build.0 = Debug|Any CPU
		{868BCCA9-938A-4E4C-95D2-10C098ED08C7}.Release|Any CPU.ActiveCfg = Release|Any CPU
		{868BCCA9-938A-4E4C-95D2-10C098ED08C7}.Release|Any CPU.Build.0 = Release|Any CPU
	EndGlobalSection
	GlobalSection(SolutionProperties) = preSolution
		HideSolutionNode = FALSE
	EndGlobalSection
	GlobalSection(ExtensibilityGlobals) = postSolution
		SolutionGuid = {D51A170D-FC9E-48A0-A6D9-E32F4026A4FF}
	EndGlobalSection
EndGlobal
